// !$*UTF8*$!
{
	archiveVersion = 1;
	classes = {
	};
	objectVersion = 77;
	objects = {

/* Begin PBXBuildFile section */
		1E1388552E478C1000FA3554 /* Kingfisher in Frameworks */ = {isa = PBXBuildFile; productRef = 1E1388542E478C1000FA3554 /* Kingfisher */; };
		1E1388582E478C4000FA3554 /* ComposableArchitecture in Frameworks */ = {isa = PBXBuildFile; productRef = 1E1388572E478C4000FA3554 /* ComposableArchitecture */; };
/* End PBXBuildFile section */

/* Begin PBXContainerItemProxy section */
		1E1388372E4777E100FA3554 /* PBXContainerItemProxy */ = {
			isa = PBXContainerItemProxy;
			containerPortal = 1E1388212E4777DE00FA3554 /* Project object */;
			proxyType = 1;
			remoteGlobalIDString = 1E1388282E4777DE00FA3554;
			remoteInfo = StretchAndScripture;
		};
		1E1388412E4777E100FA3554 /* PBXContainerItemProxy */ = {
			isa = PBXContainerItemProxy;
			containerPortal = 1E1388212E4777DE00FA3554 /* Project object */;
			proxyType = 1;
			remoteGlobalIDString = 1E1388282E4777DE00FA3554;
			remoteInfo = StretchAndScripture;
		};
/* End PBXContainerItemProxy section */

/* Begin PBXFileReference section */
		1E1388292E4777DE00FA3554 /* StretchAndScripture.app */ = {isa = PBXFileReference; explicitFileType = wrapper.application; includeInIndex = 0; path = StretchAndScripture.app; sourceTree = BUILT_PRODUCTS_DIR; };
		1E1388362E4777E100FA3554 /* StretchAndScriptureTests.xctest */ = {isa = PBXFileReference; explicitFileType = wrapper.cfbundle; includeInIndex = 0; path = StretchAndScriptureTests.xctest; sourceTree = BUILT_PRODUCTS_DIR; };
		1E1388402E4777E100FA3554 /* StretchAndScriptureUITests.xctest */ = {isa = PBXFileReference; explicitFileType = wrapper.cfbundle; includeInIndex = 0; path = StretchAndScriptureUITests.xctest; sourceTree = BUILT_PRODUCTS_DIR; };
/* End PBXFileReference section */

/* Begin PBXFileSystemSynchronizedRootGroup section */
		1E13882B2E4777DE00FA3554 /* StretchAndScripture */ = {
			isa = PBXFileSystemSynchronizedRootGroup;
			path = StretchAndScripture;
			sourceTree = "<group>";
		};
		1E1388392E4777E100FA3554 /* StretchAndScriptureTests */ = {
			isa = PBXFileSystemSynchronizedRootGroup;
			path = StretchAndScriptureTests;
			sourceTree = "<group>";
		};
		1E1388432E4777E100FA3554 /* StretchAndScriptureUITests */ = {
			isa = PBXFileSystemSynchronizedRootGroup;
			path = StretchAndScriptureUITests;
			sourceTree = "<group>";
		};
/* End PBXFileSystemSynchronizedRootGroup section */

/* Begin PBXFrameworksBuildPhase section */
		1E1388262E4777DE00FA3554 /* Frameworks */ = {
			isa = PBXFrameworksBuildPhase;
			buildActionMask = 2147483647;
			files = (
				1E1388582E478C4000FA3554 /* ComposableArchitecture in Frameworks */,
				1E1388552E478C1000FA3554 /* Kingfisher in Frameworks */,
			);
			runOnlyForDeploymentPostprocessing = 0;
		};
		1E1388332E4777E000FA3554 /* Frameworks */ = {
			isa = PBXFrameworksBuildPhase;
			buildActionMask = 2147483647;
			files = (
			);
			runOnlyForDeploymentPostprocessing = 0;
		};
		1E13883D2E4777E100FA3554 /* Frameworks */ = {
			isa = PBXFrameworksBuildPhase;
			buildActionMask = 2147483647;
			files = (
			);
			runOnlyForDeploymentPostprocessing = 0;
		};
/* End PBXFrameworksBuildPhase section */

/* Begin PBXGroup section */
		1E1388202E4777DE00FA3554 = {
			isa = PBXGroup;
			children = (
				1E13882B2E4777DE00FA3554 /* StretchAndScripture */,
				1E1388392E4777E100FA3554 /* StretchAndScriptureTests */,
				1E1388432E4777E100FA3554 /* StretchAndScriptureUITests */,
				1E13882A2E4777DE00FA3554 /* Products */,
			);
			sourceTree = "<group>";
		};
		1E13882A2E4777DE00FA3554 /* Products */ = {
			isa = PBXGroup;
			children = (
				1E1388292E4777DE00FA3554 /* StretchAndScripture.app */,
				1E1388362E4777E100FA3554 /* StretchAndScriptureTests.xctest */,
				1E1388402E4777E100FA3554 /* StretchAndScriptureUITests.xctest */,
			);
			name = Products;
			sourceTree = "<group>";
		};
/* End PBXGroup section */

/* Begin PBXNativeTarget section */
		1E1388282E4777DE00FA3554 /* StretchAndScripture */ = {
			isa = PBXNativeTarget;
			buildConfigurationList = 1E13884A2E4777E100FA3554 /* Build configuration list for PBXNativeTarget "StretchAndScripture" */;
			buildPhases = (
				1E1388252E4777DE00FA3554 /* Sources */,
				1E1388262E4777DE00FA3554 /* Frameworks */,
				1E1388272E4777DE00FA3554 /* Resources */,
			);
			buildRules = (
			);
			dependencies = (
			);
			fileSystemSynchronizedGroups = (
				1E13882B2E4777DE00FA3554 /* StretchAndScripture */,
			);
			name = StretchAndScripture;
			packageProductDependencies = (
				1E1388542E478C1000FA3554 /* Kingfisher */,
				1E1388572E478C4000FA3554 /* ComposableArchitecture */,
			);
			productName = StretchAndScripture;
			productReference = 1E1388292E4777DE00FA3554 /* StretchAndScripture.app */;
			productType = "com.apple.product-type.application";
		};
		1E1388352E4777E000FA3554 /* StretchAndScriptureTests */ = {
			isa = PBXNativeTarget;
			buildConfigurationList = 1E13884D2E4777E100FA3554 /* Build configuration list for PBXNativeTarget "StretchAndScriptureTests" */;
			buildPhases = (
				1E1388322E4777E000FA3554 /* Sources */,
				1E1388332E4777E000FA3554 /* Frameworks */,
				1E1388342E4777E000FA3554 /* Resources */,
			);
			buildRules = (
			);
			dependencies = (
				1E1388382E4777E100FA3554 /* PBXTargetDependency */,
			);
			fileSystemSynchronizedGroups = (
				1E1388392E4777E100FA3554 /* StretchAndScriptureTests */,
			);
			name = StretchAndScriptureTests;
			packageProductDependencies = (
			);
			productName = StretchAndScriptureTests;
			productReference = 1E1388362E4777E100FA3554 /* StretchAndScriptureTests.xctest */;
			productType = "com.apple.product-type.bundle.unit-test";
		};
		1E13883F2E4777E100FA3554 /* StretchAndScriptureUITests */ = {
			isa = PBXNativeTarget;
			buildConfigurationList = 1E1388502E4777E100FA3554 /* Build configuration list for PBXNativeTarget "StretchAndScriptureUITests" */;
			buildPhases = (
				1E13883C2E4777E100FA3554 /* Sources */,
				1E13883D2E4777E100FA3554 /* Frameworks */,
				1E13883E2E4777E100FA3554 /* Resources */,
			);
			buildRules = (
			);
			dependencies = (
				1E1388422E4777E100FA3554 /* PBXTargetDependency */,
			);
			fileSystemSynchronizedGroups = (
				1E1388432E4777E100FA3554 /* StretchAndScriptureUITests */,
			);
			name = StretchAndScriptureUITests;
			packageProductDependencies = (
			);
			productName = StretchAndScriptureUITests;
			productReference = 1E1388402E4777E100FA3554 /* StretchAndScriptureUITests.xctest */;
			productType = "com.apple.product-type.bundle.ui-testing";
		};
/* End PBXNativeTarget section */

/* Begin PBXProject section */
		1E1388212E4777DE00FA3554 /* Project object */ = {
			isa = PBXProject;
			attributes = {
				BuildIndependentTargetsInParallel = 1;
				LastSwiftUpdateCheck = 1640;
				LastUpgradeCheck = 1640;
				TargetAttributes = {
					1E1388282E4777DE00FA3554 = {
						CreatedOnToolsVersion = 16.4;
					};
					1E1388352E4777E000FA3554 = {
						CreatedOnToolsVersion = 16.4;
						TestTargetID = 1E1388282E4777DE00FA3554;
					};
					1E13883F2E4777E100FA3554 = {
						CreatedOnToolsVersion = 16.4;
						TestTargetID = 1E1388282E4777DE00FA3554;
					};
				};
			};
			buildConfigurationList = 1E1388242E4777DE00FA3554 /* Build configuration list for PBXProject "StretchAndScripture" */;
			developmentRegion = en;
			hasScannedForEncodings = 0;
			knownRegions = (
				en,
				Base,
			);
			mainGroup = 1E1388202E4777DE00FA3554;
			minimizedProjectReferenceProxies = 1;
			packageReferences = (
				1E1388532E478C1000FA3554 /* XCRemoteSwiftPackageReference "Kingfisher" */,
				1E1388562E478C3F00FA3554 /* XCRemoteSwiftPackageReference "swift-composable-architecture" */,
			);
			preferredProjectObjectVersion = 77;
			productRefGroup = 1E13882A2E4777DE00FA3554 /* Products */;
			projectDirPath = "";
			projectRoot = "";
			targets = (
				1E1388282E4777DE00FA3554 /* StretchAndScripture */,
				1E1388352E4777E000FA3554 /* StretchAndScriptureTests */,
				1E13883F2E4777E100FA3554 /* StretchAndScriptureUITests */,
			);
		};
/* End PBXProject section */

/* Begin PBXResourcesBuildPhase section */
		1E1388272E4777DE00FA3554 /* Resources */ = {
			isa = PBXResourcesBuildPhase;
			buildActionMask = 2147483647;
			files = (
			);
			runOnlyForDeploymentPostprocessing = 0;
		};
		1E1388342E4777E000FA3554 /* Resources */ = {
			isa = PBXResourcesBuildPhase;
			buildActionMask = 2147483647;
			files = (
			);
			runOnlyForDeploymentPostprocessing = 0;
		};
		1E13883E2E4777E100FA3554 /* Resources */ = {
			isa = PBXResourcesBuildPhase;
			buildActionMask = 2147483647;
			files = (
			);
			runOnlyForDeploymentPostprocessing = 0;
		};
/* End PBXResourcesBuildPhase section */

/* Begin PBXSourcesBuildPhase section */
		1E1388252E4777DE00FA3554 /* Sources */ = {
			isa = PBXSourcesBuildPhase;
			buildActionMask = 2147483647;
			files = (
			);
			runOnlyForDeploymentPostprocessing = 0;
		};
		1E1388322E4777E000FA3554 /* Sources */ = {
			isa = PBXSourcesBuildPhase;
			buildActionMask = 2147483647;
			files = (
			);
			runOnlyForDeploymentPostprocessing = 0;
		};
		1E13883C2E4777E100FA3554 /* Sources */ = {
			isa = PBXSourcesBuildPhase;
			buildActionMask = 2147483647;
			files = (
			);
			runOnlyForDeploymentPostprocessing = 0;
		};
/* End PBXSourcesBuildPhase section */

/* Begin PBXTargetDependency section */
		1E1388382E4777E100FA3554 /* PBXTargetDependency */ = {
			isa = PBXTargetDependency;
			target = 1E1388282E4777DE00FA3554 /* StretchAndScripture */;
			targetProxy = 1E1388372E4777E100FA3554 /* PBXContainerItemProxy */;
		};
		1E1388422E4777E100FA3554 /* PBXTargetDependency */ = {
			isa = PBXTargetDependency;
			target = 1E1388282E4777DE00FA3554 /* StretchAndScripture */;
			targetProxy = 1E1388412E4777E100FA3554 /* PBXContainerItemProxy */;
		};
/* End PBXTargetDependency section */

/* Begin XCBuildConfiguration section */
		1E1388482E4777E100FA3554 /* Debug */ = {
			isa = XCBuildConfiguration;
			buildSettings = {
				ALWAYS_SEARCH_USER_PATHS = NO;
				ASSETCATALOG_COMPILER_GENERATE_SWIFT_ASSET_SYMBOL_EXTENSIONS = YES;
				CLANG_ANALYZER_NONNULL = YES;
				CLANG_ANALYZER_NUMBER_OBJECT_CONVERSION = YES_AGGRESSIVE;
				CLANG_CXX_LANGUAGE_STANDARD = "gnu++20";
				CLANG_ENABLE_MODULES = YES;
				CLANG_ENABLE_OBJC_ARC = YES;
				CLANG_ENABLE_OBJC_WEAK = YES;
				CLANG_WARN_BLOCK_CAPTURE_AUTORELEASING = YES;
				CLANG_WARN_BOOL_CONVERSION = YES;
				CLANG_WARN_COMMA = YES;
				CLANG_WARN_CONSTANT_CONVERSION = YES;
				CLANG_WARN_DEPRECATED_OBJC_IMPLEMENTATIONS = YES;
				CLANG_WARN_DIRECT_OBJC_ISA_USAGE = YES_ERROR;
				CLANG_WARN_DOCUMENTATION_COMMENTS = YES;
				CLANG_WARN_EMPTY_BODY = YES;
				CLANG_WARN_ENUM_CONVERSION = YES;
				CLANG_WARN_INFINITE_RECURSION = YES;
				CLANG_WARN_INT_CONVERSION = YES;
				CLANG_WARN_NON_LITERAL_NULL_CONVERSION = YES;
				CLANG_WARN_OBJC_IMPLICIT_RETAIN_SELF = YES;
				CLANG_WARN_OBJC_LITERAL_CONVERSION = YES;
				CLANG_WARN_OBJC_ROOT_CLASS = YES_ERROR;
				CLANG_WARN_QUOTED_INCLUDE_IN_FRAMEWORK_HEADER = YES;
				CLANG_WARN_RANGE_LOOP_ANALYSIS = YES;
				CLANG_WARN_STRICT_PROTOTYPES = YES;
				CLANG_WARN_SUSPICIOUS_MOVE = YES;
				CLANG_WARN_UNGUARDED_AVAILABILITY = YES_AGGRESSIVE;
				CLANG_WARN_UNREACHABLE_CODE = YES;
				CLANG_WARN__DUPLICATE_METHOD_MATCH = YES;
				COPY_PHASE_STRIP = NO;
				DEBUG_INFORMATION_FORMAT = dwarf;
				DEVELOPMENT_TEAM = 7W6A4RKP6A;
				ENABLE_STRICT_OBJC_MSGSEND = YES;
				ENABLE_TESTABILITY = YES;
				ENABLE_USER_SCRIPT_SANDBOXING = YES;
				GCC_C_LANGUAGE_STANDARD = gnu17;
				GCC_DYNAMIC_NO_PIC = NO;
				GCC_NO_COMMON_BLOCKS = YES;
				GCC_OPTIMIZATION_LEVEL = 0;
				GCC_PREPROCESSOR_DEFINITIONS = (
					"DEBUG=1",
					"$(inherited)",
				);
				GCC_WARN_64_TO_32_BIT_CONVERSION = YES;
				GCC_WARN_ABOUT_RETURN_TYPE = YES_ERROR;
				GCC_WARN_UNDECLARED_SELECTOR = YES;
				GCC_WARN_UNINITIALIZED_AUTOS = YES_AGGRESSIVE;
				GCC_WARN_UNUSED_FUNCTION = YES;
				GCC_WARN_UNUSED_VARIABLE = YES;
				IPHONEOS_DEPLOYMENT_TARGET = 18.5;
				LOCALIZATION_PREFERS_STRING_CATALOGS = YES;
				MTL_ENABLE_DEBUG_INFO = INCLUDE_SOURCE;
				MTL_FAST_MATH = YES;
				ONLY_ACTIVE_ARCH = YES;
				SDKROOT = iphoneos;
				SWIFT_ACTIVE_COMPILATION_CONDITIONS = "DEBUG $(inherited)";
				SWIFT_OPTIMIZATION_LEVEL = "-Onone";
			};
			name = Debug;
		};
		1E1388492E4777E100FA3554 /* Release */ = {
			isa = XCBuildConfiguration;
			buildSettings = {
				ALWAYS_SEARCH_USER_PATHS = NO;
				ASSETCATALOG_COMPILER_GENERATE_SWIFT_ASSET_SYMBOL_EXTENSIONS = YES;
				CLANG_ANALYZER_NONNULL = YES;
				CLANG_ANALYZER_NUMBER_OBJECT_CONVERSION = YES_AGGRESSIVE;
				CLANG_CXX_LANGUAGE_STANDARD = "gnu++20";
				CLANG_ENABLE_MODULES = YES;
				CLANG_ENABLE_OBJC_ARC = YES;
				CLANG_ENABLE_OBJC_WEAK = YES;
				CLANG_WARN_BLOCK_CAPTURE_AUTORELEASING = YES;
				CLANG_WARN_BOOL_CONVERSION = YES;
				CLANG_WARN_COMMA = YES;
				CLANG_WARN_CONSTANT_CONVERSION = YES;
				CLANG_WARN_DEPRECATED_OBJC_IMPLEMENTATIONS = YES;
				CLANG_WARN_DIRECT_OBJC_ISA_USAGE = YES_ERROR;
				CLANG_WARN_DOCUMENTATION_COMMENTS = YES;
				CLANG_WARN_EMPTY_BODY = YES;
				CLANG_WARN_ENUM_CONVERSION = YES;
				CLANG_WARN_INFINITE_RECURSION = YES;
				CLANG_WARN_INT_CONVERSION = YES;
				CLANG_WARN_NON_LITERAL_NULL_CONVERSION = YES;
				CLANG_WARN_OBJC_IMPLICIT_RETAIN_SELF = YES;
				CLANG_WARN_OBJC_LITERAL_CONVERSION = YES;
				CLANG_WARN_OBJC_ROOT_CLASS = YES_ERROR;
				CLANG_WARN_QUOTED_INCLUDE_IN_FRAMEWORK_HEADER = YES;
				CLANG_WARN_RANGE_LOOP_ANALYSIS = YES;
				CLANG_WARN_STRICT_PROTOTYPES = YES;
				CLANG_WARN_SUSPICIOUS_MOVE = YES;
				CLANG_WARN_UNGUARDED_AVAILABILITY = YES_AGGRESSIVE;
				CLANG_WARN_UNREACHABLE_CODE = YES;
				CLANG_WARN__DUPLICATE_METHOD_MATCH = YES;
				COPY_PHASE_STRIP = NO;
				DEBUG_INFORMATION_FORMAT = "dwarf-with-dsym";
				DEVELOPMENT_TEAM = 7W6A4RKP6A;
				ENABLE_NS_ASSERTIONS = NO;
				ENABLE_STRICT_OBJC_MSGSEND = YES;
				ENABLE_USER_SCRIPT_SANDBOXING = YES;
				GCC_C_LANGUAGE_STANDARD = gnu17;
				GCC_NO_COMMON_BLOCKS = YES;
				GCC_WARN_64_TO_32_BIT_CONVERSION = YES;
				GCC_WARN_ABOUT_RETURN_TYPE = YES_ERROR;
				GCC_WARN_UNDECLARED_SELECTOR = YES;
				GCC_WARN_UNINITIALIZED_AUTOS = YES_AGGRESSIVE;
				GCC_WARN_UNUSED_FUNCTION = YES;
				GCC_WARN_UNUSED_VARIABLE = YES;
				IPHONEOS_DEPLOYMENT_TARGET = 18.5;
				LOCALIZATION_PREFERS_STRING_CATALOGS = YES;
				MTL_ENABLE_DEBUG_INFO = NO;
				MTL_FAST_MATH = YES;
				SDKROOT = iphoneos;
				SWIFT_COMPILATION_MODE = wholemodule;
				VALIDATE_PRODUCT = YES;
			};
			name = Release;
		};
		1E13884B2E4777E100FA3554 /* Debug */ = {
			isa = XCBuildConfiguration;
			buildSettings = {
				ASSETCATALOG_COMPILER_APPICON_NAME = AppIcon;
				ASSETCATALOG_COMPILER_GLOBAL_ACCENT_COLOR_NAME = AccentColor;
				CODE_SIGN_STYLE = Automatic;
				CURRENT_PROJECT_VERSION = 1;
				DEVELOPMENT_TEAM = LM2YT7BL2S;
				ENABLE_PREVIEWS = YES;
				GENERATE_INFOPLIST_FILE = YES;
				INFOPLIST_KEY_UIApplicationSceneManifest_Generation = YES;
				INFOPLIST_KEY_UIApplicationSupportsIndirectInputEvents = YES;
				INFOPLIST_KEY_UILaunchScreen_Generation = YES;
				INFOPLIST_KEY_UISupportedInterfaceOrientations_iPad = "UIInterfaceOrientationPortrait UIInterfaceOrientationPortraitUpsideDown UIInterfaceOrientationLandscapeLeft UIInterfaceOrientationLandscapeRight";
				INFOPLIST_KEY_UISupportedInterfaceOrientations_iPhone = "UIInterfaceOrientationPortrait UIInterfaceOrientationLandscapeLeft UIInterfaceOrientationLandscapeRight";
				LD_RUNPATH_SEARCH_PATHS = (
					"$(inherited)",
					"@executable_path/Frameworks",
				);
				MARKETING_VERSION = 1.0;
				PRODUCT_BUNDLE_IDENTIFIER = tulivery.test.five;
				PRODUCT_NAME = "$(TARGET_NAME)";
				SWIFT_EMIT_LOC_STRINGS = YES;
				SWIFT_VERSION = 5.0;
				TARGETED_DEVICE_FAMILY = "1,2";
			};
			name = Debug;
		};
		1E13884C2E4777E100FA3554 /* Release */ = {
			isa = XCBuildConfiguration;
			buildSettings = {
				ASSETCATALOG_COMPILER_APPICON_NAME = AppIcon;
				ASSETCATALOG_COMPILER_GLOBAL_ACCENT_COLOR_NAME = AccentColor;
				CODE_SIGN_STYLE = Automatic;
				CURRENT_PROJECT_VERSION = 1;
				DEVELOPMENT_TEAM = LM2YT7BL2S;
				ENABLE_PREVIEWS = YES;
				GENERATE_INFOPLIST_FILE = YES;
				INFOPLIST_KEY_UIApplicationSceneManifest_Generation = YES;
				INFOPLIST_KEY_UIApplicationSupportsIndirectInputEvents = YES;
				INFOPLIST_KEY_UILaunchScreen_Generation = YES;
				INFOPLIST_KEY_UISupportedInterfaceOrientations_iPad = "UIInterfaceOrientationPortrait UIInterfaceOrientationPortraitUpsideDown UIInterfaceOrientationLandscapeLeft UIInterfaceOrientationLandscapeRight";
				INFOPLIST_KEY_UISupportedInterfaceOrientations_iPhone = "UIInterfaceOrientationPortrait UIInterfaceOrientationLandscapeLeft UIInterfaceOrientationLandscapeRight";
				LD_RUNPATH_SEARCH_PATHS = (
					"$(inherited)",
					"@executable_path/Frameworks",
				);
				MARKETING_VERSION = 1.0;
				PRODUCT_BUNDLE_IDENTIFIER = tulivery.test.five;
				PRODUCT_NAME = "$(TARGET_NAME)";
				SWIFT_EMIT_LOC_STRINGS = YES;
				SWIFT_VERSION = 5.0;
				TARGETED_DEVICE_FAMILY = "1,2";
			};
			name = Release;
		};
		1E13884E2E4777E100FA3554 /* Debug */ = {
			isa = XCBuildConfiguration;
			buildSettings = {
				BUNDLE_LOADER = "$(TEST_HOST)";
				CODE_SIGN_STYLE = Automatic;
				CURRENT_PROJECT_VERSION = 1;
				DEVELOPMENT_TEAM = 7W6A4RKP6A;
				GENERATE_INFOPLIST_FILE = YES;
				IPHONEOS_DEPLOYMENT_TARGET = 18.5;
				MARKETING_VERSION = 1.0;
				PRODUCT_BUNDLE_IDENTIFIER = diegitsen.StretchAndScriptureTests;
				PRODUCT_NAME = "$(TARGET_NAME)";
				SWIFT_EMIT_LOC_STRINGS = NO;
				SWIFT_VERSION = 5.0;
				TARGETED_DEVICE_FAMILY = "1,2";
				TEST_HOST = "$(BUILT_PRODUCTS_DIR)/StretchAndScripture.app/$(BUNDLE_EXECUTABLE_FOLDER_PATH)/StretchAndScripture";
			};
			name = Debug;
		};
		1E13884F2E4777E100FA3554 /* Release */ = {
			isa = XCBuildConfiguration;
			buildSettings = {
				BUNDLE_LOADER = "$(TEST_HOST)";
				CODE_SIGN_STYLE = Automatic;
				CURRENT_PROJECT_VERSION = 1;
				DEVELOPMENT_TEAM = 7W6A4RKP6A;
				GENERATE_INFOPLIST_FILE = YES;
				IPHONEOS_DEPLOYMENT_TARGET = 18.5;
				MARKETING_VERSION = 1.0;
				PRODUCT_BUNDLE_IDENTIFIER = diegitsen.StretchAndScriptureTests;
				PRODUCT_NAME = "$(TARGET_NAME)";
				SWIFT_EMIT_LOC_STRINGS = NO;
				SWIFT_VERSION = 5.0;
				TARGETED_DEVICE_FAMILY = "1,2";
				TEST_HOST = "$(BUILT_PRODUCTS_DIR)/StretchAndScripture.app/$(BUNDLE_EXECUTABLE_FOLDER_PATH)/StretchAndScripture";
			};
			name = Release;
		};
		1E1388512E4777E100FA3554 /* Debug */ = {
			isa = XCBuildConfiguration;
			buildSettings = {
				CODE_SIGN_STYLE = Automatic;
				CURRENT_PROJECT_VERSION = 1;
				DEVELOPMENT_TEAM = 7W6A4RKP6A;
				GENERATE_INFOPLIST_FILE = YES;
				MARKETING_VERSION = 1.0;
				PRODUCT_BUNDLE_IDENTIFIER = diegitsen.StretchAndScriptureUITests;
				PRODUCT_NAME = "$(TARGET_NAME)";
				SWIFT_EMIT_LOC_STRINGS = NO;
				SWIFT_VERSION = 5.0;
				TARGETED_DEVICE_FAMILY = "1,2";
				TEST_TARGET_NAME = StretchAndScripture;
			};
			name = Debug;
		};
		1E1388522E4777E100FA3554 /* Release */ = {
			isa = XCBuildConfiguration;
			buildSettings = {
				CODE_SIGN_STYLE = Automatic;
				CURRENT_PROJECT_VERSION = 1;
				DEVELOPMENT_TEAM = 7W6A4RKP6A;
				GENERATE_INFOPLIST_FILE = YES;
				MARKETING_VERSION = 1.0;
				PRODUCT_BUNDLE_IDENTIFIER = diegitsen.StretchAndScriptureUITests;
				PRODUCT_NAME = "$(TARGET_NAME)";
				SWIFT_EMIT_LOC_STRINGS = NO;
				SWIFT_VERSION = 5.0;
				TARGETED_DEVICE_FAMILY = "1,2";
				TEST_TARGET_NAME = StretchAndScripture;
			};
			name = Release;
		};
/* End XCBuildConfiguration section */

/* Begin XCConfigurationList section */
		1E1388242E4777DE00FA3554 /* Build configuration list for PBXProject "StretchAndScripture" */ = {
			isa = XCConfigurationList;
			buildConfigurations = (
				1E1388482E4777E100FA3554 /* Debug */,
				1E1388492E4777E100FA3554 /* Release */,
			);
			defaultConfigurationIsVisible = 0;
			defaultConfigurationName = Release;
		};
		1E13884A2E4777E100FA3554 /* Build configuration list for PBXNativeTarget "StretchAndScripture" */ = {
			isa = XCConfigurationList;
			buildConfigurations = (
				1E13884B2E4777E100FA3554 /* Debug */,
				1E13884C2E4777E100FA3554 /* Release */,
			);
			defaultConfigurationIsVisible = 0;
			defaultConfigurationName = Release;
		};
		1E13884D2E4777E100FA3554 /* Build configuration list for PBXNativeTarget "StretchAndScriptureTests" */ = {
			isa = XCConfigurationList;
			buildConfigurations = (
				1E13884E2E4777E100FA3554 /* Debug */,
				1E13884F2E4777E100FA3554 /* Release */,
			);
			defaultConfigurationIsVisible = 0;
			defaultConfigurationName = Release;
		};
		1E1388502E4777E100FA3554 /* Build configuration list for PBXNativeTarget "StretchAndScriptureUITests" */ = {
			isa = XCConfigurationList;
			buildConfigurations = (
				1E1388512E4777E100FA3554 /* Debug */,
				1E1388522E4777E100FA3554 /* Release */,
			);
			defaultConfigurationIsVisible = 0;
			defaultConfigurationName = Release;
		};
/* End XCConfigurationList section */

/* Begin XCRemoteSwiftPackageReference section */
		1E1388532E478C1000FA3554 /* XCRemoteSwiftPackageReference "Kingfisher" */ = {
			isa = XCRemoteSwiftPackageReference;
			repositoryURL = "https://github.com/onevcat/Kingfisher.git";
			requirement = {
				kind = upToNextMajorVersion;
				minimumVersion = 8.5.0;
			};
		};
		1E1388562E478C3F00FA3554 /* XCRemoteSwiftPackageReference "swift-composable-architecture" */ = {
			isa = XCRemoteSwiftPackageReference;
			repositoryURL = "https://github.com/pointfreeco/swift-composable-architecture";
			requirement = {
				kind = upToNextMajorVersion;
				minimumVersion = 1.21.1;
			};
		};
/* End XCRemoteSwiftPackageReference section */

/* Begin XCSwiftPackageProductDependency section */
		1E1388542E478C1000FA3554 /* Kingfisher */ = {
			isa = XCSwiftPackageProductDependency;
			package = 1E1388532E478C1000FA3554 /* XCRemoteSwiftPackageReference "Kingfisher" */;
			productName = Kingfisher;
		};
		1E1388572E478C4000FA3554 /* ComposableArchitecture */ = {
			isa = XCSwiftPackageProductDependency;
			package = 1E1388562E478C3F00FA3554 /* XCRemoteSwiftPackageReference "swift-composable-architecture" */;
			productName = ComposableArchitecture;
		};
/* End XCSwiftPackageProductDependency section */
	};
	rootObject = 1E1388212E4777DE00FA3554 /* Project object */;
}
